{
  "version": 1,
  "dependencies": {
    ".NETFramework,Version=v4.6.1": {
      "ManagedEsent": {
        "type": "Direct",
        "requested": "[1.9.4, )",
        "resolved": "1.9.4",
        "contentHash": "coNOIYTi8Nty9yvelOHlmnq+EP3mRE3lwDTfOeodznEVmuzybr/VUQaeAspAHIGJXUm483StJhXenBZ/28UY9g=="
      },
      "Microsoft.Build": {
        "type": "Direct",
        "requested": "[15.4.8, )",
        "resolved": "15.4.8",
        "contentHash": "6Aw/hb+aFeyU10PqPU74XescqLf7fXosoHWMzIsnz/q2yeySBcAbg0iPm183GAIGRj+gUwBMPXggLWjn8ufqFA==",
        "dependencies": {
          "Microsoft.Build.Framework": "[15.4.8]",
          "System.Collections.Immutable": "1.3.1",
          "System.Runtime.InteropServices.RuntimeInformation": "4.3.0"
        }
      },
      "Microsoft.Build.Framework": {
        "type": "Direct",
        "requested": "[15.4.8, )",
        "resolved": "15.4.8",
        "contentHash": "5PWe+McFUalw7F3TXGCi7sGbyl7FXlXxZXfdq5MKlrra6cAgrSu+po2uw5fYVA+sr/pNv5hH2WSQK5+aM0t22w==",
        "dependencies": {
          "System.Collections": "4.0.11",
          "System.Diagnostics.Debug": "4.0.11",
          "System.Globalization": "4.0.11",
          "System.Linq": "4.1.0",
          "System.Resources.ResourceManager": "4.0.1",
          "System.Runtime": "4.1.0",
          "System.Runtime.InteropServices": "4.1.0",
          "System.Threading": "4.0.11",
          "System.Threading.Thread": "4.0.0"
        }
      },
      "Microsoft.Build.Tasks.Core": {
        "type": "Direct",
        "requested": "[15.4.8, )",
        "resolved": "15.4.8",
        "contentHash": "y+4g2Nd8Ha5iTQcRSzdbjZQXV4aHIe3t/sqVPUpKJSRtpSbOIueg8298djfIzarxPXoYKj91tttFMx9KzbuXIg==",
        "dependencies": {
          "Microsoft.Build.Framework": "[15.4.8]",
          "Microsoft.Build.Utilities.Core": "[15.4.8]",
          "System.Collections.Immutable": "1.3.1",
          "System.Reflection.Metadata": "1.3.0",
          "System.Runtime.InteropServices.RuntimeInformation": "4.3.0"
        }
      },
      "Microsoft.Build.Utilities.Core": {
        "type": "Direct",
        "requested": "[15.4.8, )",
        "resolved": "15.4.8",
        "contentHash": "cLcZJnMofIjF0/cGfAoQ6UI260z1/lJlJyDjPKtODpJAJGlTYF7eTYqehDEq6QLpxl5yQ1f6KfAuuCIGaV2zoQ==",
        "dependencies": {
          "Microsoft.Build.Framework": "[15.4.8]",
          "System.Runtime.InteropServices.RuntimeInformation": "4.3.0"
        }
      },
      "Microsoft.CodeAnalysis": {
        "type": "Direct",
        "requested": "[2.3.0, )",
        "resolved": "2.3.0",
        "contentHash": "g5l7rqul9Cdzr2NtXGiApSmAPen9fyqvVMnrJ2INP8p9CZxQH48sLcvB6HphVs5VBrhDPVKXBppC3dYn2JZ/VQ==",
        "dependencies": {
          "Microsoft.CodeAnalysis.CSharp.Workspaces": "[2.3.0]",
          "Microsoft.CodeAnalysis.VisualBasic.Workspaces": "[2.3.0]"
        }
      },
      "Microsoft.CodeAnalysis.Common": {
        "type": "Direct",
        "requested": "[2.3.0, )",
        "resolved": "2.3.0",
        "contentHash": "HCV79ORp8+G3tkQeAlity658rw+d4jEaFEYmakzwtGegg1D1s7lCIJYDn4sv13gdGyt0MbexaMS+bOlMg9hWKA==",
        "dependencies": {
          "Microsoft.CodeAnalysis.Analyzers": "1.1.0",
          "System.AppContext": "4.3.0",
          "System.Collections": "4.3.0",
          "System.Collections.Concurrent": "4.3.0",
          "System.Collections.Immutable": "1.3.1",
          "System.Console": "4.3.0",
          "System.Diagnostics.Debug": "4.3.0",
          "System.Diagnostics.FileVersionInfo": "4.3.0",
          "System.Diagnostics.StackTrace": "4.3.0",
          "System.Diagnostics.Tools": "4.3.0",
          "System.Dynamic.Runtime": "4.3.0",
          "System.Globalization": "4.3.0",
          "System.IO.Compression": "4.3.0",
          "System.IO.FileSystem": "4.3.0",
          "System.IO.FileSystem.Primitives": "4.3.0",
          "System.Linq": "4.3.0",
          "System.Linq.Expressions": "4.3.0",
          "System.Reflection": "4.3.0",
          "System.Reflection.Metadata": "1.4.2",
          "System.Resources.ResourceManager": "4.3.0",
          "System.Runtime": "4.3.0",
          "System.Runtime.Extensions": "4.3.0",
          "System.Runtime.InteropServices": "4.3.0",
          "System.Runtime.Numerics": "4.3.0",
          "System.Security.Cryptography.Algorithms": "4.3.0",
          "System.Security.Cryptography.Encoding": "4.3.0",
          "System.Security.Cryptography.X509Certificates": "4.3.0",
          "System.Text.Encoding": "4.3.0",
          "System.Text.Encoding.CodePages": "4.3.0",
          "System.Text.Encoding.Extensions": "4.3.0",
          "System.Threading": "4.3.0",
          "System.Threading.Tasks": "4.3.0",
          "System.Threading.Tasks.Parallel": "4.3.0",
          "System.Threading.Thread": "4.3.0",
          "System.ValueTuple": "4.3.0",
          "System.Xml.ReaderWriter": "4.3.0",
          "System.Xml.XDocument": "4.3.0",
          "System.Xml.XPath.XDocument": "4.3.0",
          "System.Xml.XmlDocument": "4.3.0"
        }
      },
      "Microsoft.CodeAnalysis.CSharp": {
        "type": "Direct",
        "requested": "[2.3.0, )",
        "resolved": "2.3.0",
        "contentHash": "ljKkf/mNnE9B7olL14Zp8PJzk6tRonOGG9Egt7Gm26ZiNVgLHBJ2ur5b8C5PE+tyjflftRAD9tet5uidqk8Sfg==",
        "dependencies": {
          "Microsoft.CodeAnalysis.Common": "[2.3.0]"
        }
      },
      "Microsoft.CodeAnalysis.Workspaces.Common": {
        "type": "Direct",
        "requested": "[2.3.0, )",
        "resolved": "2.3.0",
        "contentHash": "oql3Tw7IiraVHRqT3S2CWsv1e8vVRJnf/5x7OY8kcuMqw2U9qENhSghtZ8WqHLKafDEfelSAs+f2/lAVQ/7gUA==",
        "dependencies": {
          "ManagedEsent": "1.9.4",
          "Microsoft.CodeAnalysis.Common": "[2.3.0]",
          "System.Composition": "1.0.31"
        }
      },
      "Microsoft.Extensions.Logging": {
        "type": "Direct",
        "requested": "[1.1.1, )",
        "resolved": "1.1.1",
        "contentHash": "cxLG416uOEFmnv7w4/rsVKD4dRYFuUY+G5WXpLVLMNIL6VYcQkDe67cx2IWBrtUieA08w9eCuxrd2pxIrJ7Wtg==",
        "dependencies": {
          "Microsoft.Extensions.DependencyInjection.Abstractions": "1.1.0",
          "Microsoft.Extensions.Logging.Abstractions": "1.1.1",
          "NETStandard.Library": "1.6.1"
        }
      },
      "Microsoft.Extensions.Logging.Console": {
        "type": "Direct",
        "requested": "[1.1.1, )",
        "resolved": "1.1.1",
        "contentHash": "oKfmQdH7c89QyFvolNhwIU3AME0LXOo89DTNbu0c3+b42/0UkJi3fT4Jz6Pg8AY38yYYP7lH/MFVxmbRqiUmhw==",
        "dependencies": {
          "Microsoft.Extensions.Configuration.Abstractions": "1.1.1",
          "Microsoft.Extensions.Logging.Abstractions": "1.1.1",
          "NETStandard.Library": "1.6.1"
        }
      },
      "Microsoft.Extensions.Logging.Debug": {
        "type": "Direct",
        "requested": "[1.1.1, )",
        "resolved": "1.1.1",
        "contentHash": "YpbaLyiEPtDAEQuGpdcbmYLs538HMZHauapnzruoY1Kd5kQjEkSjZnUBlJzYkoXhPlCO2X3LwKEtch8mg6RETw==",
        "dependencies": {
          "Microsoft.Extensions.Logging.Abstractions": "1.1.1",
          "NETStandard.Library": "1.6.1"
        }
      },
      "Microsoft.VisualStudio.RemoteControl": {
        "type": "Direct",
        "requested": "[14.0.262-masterA5CACE98, )",
        "resolved": "14.0.262-masterA5CACE98",
        "contentHash": "kx4MhLoa56QHaKVvu9GGUzxkYKQvgBHx7e9CJ66QKrtcA9POzmCNMmXSn5Qtwgqzxd+GUpmb7Z7VldiDUTuq+Q==",
        "dependencies": {
          "Microsoft.VisualStudio.Utilities.Internal": "14.0.61-master2D0FF461"
        }
      },
      "Mono.Cecil": {
        "type": "Direct",
        "requested": "[0.9.6.4, )",
        "resolved": "0.9.6.4",
        "contentHash": "C4OOZpuU6YpcnVuLIAnJwbPPSGEf6ShdioMFnRoz/m57hc0a7rZErhGiTseabsckCVEgzepu9mqvmgdMEcGHkg=="
      },
      "SQLitePCL.bundle_green": {
        "type": "Direct",
        "requested": "[0.9.3, )",
        "resolved": "0.9.3",
        "contentHash": "cjKL8fxop0HEAkGSqnm9JsSja1ceu0drF/eXveVzZhQXEo0nOMdi1mR0QWAbqo9nLTLtqXejZUw3oMGMui32NA==",
        "dependencies": {
          "SQLitePCL.native.sqlite3.v110_xp": "0.9.3",
          "SQLitePCL.plugin.sqlite3.net45": "0.9.3",
          "SQLitePCL.raw": "0.9.3"
        }
      },
      "SQLitePCL.raw": {
        "type": "Direct",
        "requested": "[0.9.3, )",
        "resolved": "0.9.3",
        "contentHash": "QA1fJr1GpYNZkT+Mip34CLZnlbuHZfW9HFmV/4tCiOdu90ZUfDnXsZYWs7hF8O9coJynnDMd1SDy4dFaVhampg=="
      },
      "SQLitePCLRaw.core": {
        "type": "Direct",
        "requested": "[1.1.11, )",
        "resolved": "1.1.11",
        "contentHash": "QT17CyQAQIbTCu6pW5+uVA8BXqRzquiDI1tr5Un6c1YZcQydPmGPuYYng9xMs2UHUDYHbTu+JDkp55WR+qo9bQ=="
      },
      "System.Collections.Immutable": {
        "type": "Direct",
        "requested": "[1.3.1, )",
        "resolved": "1.3.1",
        "contentHash": "n+AGX7zmiZumW9aggOkXaHzUeAS3EfeTErnkKCusyONUozbTv+kMb8VE36m+ldV6kF9g57G2c641KCdgH9E0pg=="
      },
      "System.Memory": {
        "type": "Direct",
        "requested": "[4.5.1, )",
        "resolved": "4.5.1",
        "contentHash": "sDJYJpGtTgx+23Ayu5euxG5mAXWdkDb4+b0rD0Cab0M1oQS9H0HXGPriKcqpXuiJDTV7fTp/d+fMDJmnr6sNvA==",
        "dependencies": {
          "System.Buffers": "4.4.0",
          "System.Numerics.Vectors": "4.4.0",
          "System.Runtime.CompilerServices.Unsafe": "4.5.0"
        }
      },
      "System.Reflection.Metadata": {
        "type": "Direct",
        "requested": "[1.4.2, )",
        "resolved": "1.4.2",
        "contentHash": "KYPNMDrLB2R+G5JJiJ2fjBpihtktKVIjsirmyyv+VDo5rQkIR9BWeCYM1wDSzbQatWNZ/NQfPsQyTB1Ui3qBfQ==",
        "dependencies": {
          "System.Collections.Immutable": "1.3.1"
        }
      },
      "System.Threading.Tasks.Dataflow": {
        "type": "Direct",
        "requested": "[4.5.25, )",
        "resolved": "4.5.25",
        "contentHash": "Y5/Dj+tYlDxHBwie7bFKp3+1uSG4vqTJRF7Zs7kaUQ3ahYClffCTxvgjrJyPclC+Le55uE7bMLgjZQVOQr3Jfg==",
        "dependencies": {
          "System.Collections": "4.0.0",
          "System.Collections.Concurrent": "4.0.0",
          "System.Diagnostics.Debug": "4.0.0",
          "System.Diagnostics.Tracing": "4.0.0",
          "System.Dynamic.Runtime": "4.0.0",
          "System.Linq": "4.0.0",
          "System.Resources.ResourceManager": "4.0.0",
          "System.Runtime": "4.0.0",
          "System.Runtime.Extensions": "4.0.0",
          "System.Threading": "4.0.0",
          "System.Threading.Tasks": "4.0.0"
        }
      },
      "System.ValueTuple": {
        "type": "Direct",
        "requested": "[4.4.0, )",
        "resolved": "4.4.0",
        "contentHash": "BahUww/+mdP4ARCAh2RQhQTg13wYLVrBb9SYVgW8ZlrwjraGCXHGjo0oIiUfZ34LUZkMMR+RAzR7dEY4S1HeQQ=="
      },
      "Microsoft.CodeAnalysis.Analyzers": {
        "type": "Transitive",
        "resolved": "1.1.0",
        "contentHash": "HS3iRWZKcUw/8eZ/08GXKY2Bn7xNzQPzf8gRPHGSowX7u7XXu9i9YEaBeBNKUXWfI7qjvT2zXtLUvbN0hds8vg=="
      },
      "Microsoft.CodeAnalysis.CSharp.Workspaces": {
        "type": "Transitive",
        "resolved": "2.3.0",
        "contentHash": "5qTc0C0SOW6yG0svvot7ziwlUxZeE8vNM3V5gchKeM7DBOrO7yyfxpq7c9FDEwG2IiIxYrjv0NP9Dd+4XUw0hg==",
        "dependencies": {
          "Microsoft.CodeAnalysis.CSharp": "[2.3.0]",
          "Microsoft.CodeAnalysis.Workspaces.Common": "[2.3.0]"
        }
      },
      "Microsoft.CodeAnalysis.VisualBasic": {
        "type": "Transitive",
        "resolved": "2.3.0",
        "contentHash": "ts6m2fRDDyI2R9UqHuswTxbnLVSZJKUsvr1yN8ktiJAVDqXWLSEDEdOt2FWFJOg88qeEDmyFY4exx6KxkBG/pQ==",
        "dependencies": {
          "Microsoft.CodeAnalysis.Common": "2.3.0"
        }
      },
      "Microsoft.CodeAnalysis.VisualBasic.Workspaces": {
        "type": "Transitive",
        "resolved": "2.3.0",
        "contentHash": "XH8xqybipWgvq3wHSKCUuox8ZkS/4dxlXDqpbjiZ6Dlqffm2BaID6OK3rQdJ30OSubWM81dniFMucd38K6CYqg==",
        "dependencies": {
          "Microsoft.CodeAnalysis.VisualBasic": "[2.3.0]",
          "Microsoft.CodeAnalysis.Workspaces.Common": "[2.3.0]"
        }
      },
      "Microsoft.Extensions.Configuration.Abstractions": {
        "type": "Transitive",
        "resolved": "1.1.1",
        "contentHash": "G1ZdqjdRsPkJHZCnvhLAtsyAMxxAMsf3IPHxOD9xDc09qZa+vL4jto1gg30a9q6sn0CVJyJ/85Qt+L9PR8tWKQ==",
        "dependencies": {
          "Microsoft.Extensions.Primitives": "1.1.0",
          "NETStandard.Library": "1.6.1"
        }
      },
      "Microsoft.Extensions.DependencyInjection.Abstractions": {
        "type": "Transitive",
        "resolved": "1.1.0",
        "contentHash": "2luhjVaWZd8Wmr2KUJcLNAN+iZgezTyfamLG6Lo5FVYY1LYaS7UFOmNtApHGVIytWWtuXSk4ea0t2Vx0HgF5fg==",
        "dependencies": {
          "NETStandard.Library": "1.6.1",
          "System.ComponentModel": "4.3.0"
        }
      },
      "Microsoft.Extensions.Logging.Abstractions": {
        "type": "Transitive",
        "resolved": "1.1.1",
        "contentHash": "MMWQNrwQKrSigIaGpPWIK9ZZCNd9aaCHaLgwfPiJNdOfU3UE+RA093YZ7B879MdZ1qSFPcS1QLLNjD+dxXX7Aw==",
        "dependencies": {
          "NETStandard.Library": "1.6.1"
        }
      },
      "Microsoft.Extensions.Primitives": {
        "type": "Transitive",
        "resolved": "1.1.0",
        "contentHash": "GhQG5CBUR9/czBLTblt1giKBkfvHVDeppWd6KIgPyexrspECqzzSW5IXe0STTTs2NlUp9vIFwjSWG8O9c74R9g==",
        "dependencies": {
          "NETStandard.Library": "1.6.1",
          "System.Runtime.CompilerServices.Unsafe": "4.3.0"
        }
      },
      "Microsoft.NETCore.Platforms": {
        "type": "Transitive",
        "resolved": "1.1.0",
        "contentHash": "kz0PEW2lhqygehI/d6XsPCQzD7ff7gUJaVGPVETX611eadGsA3A877GdSlU0LRVMCTH/+P3o2iDTak+S08V2+A=="
      },
      "Microsoft.VisualStudio.Utilities.Internal": {
        "type": "Transitive",
        "resolved": "14.0.61-master2D0FF461",
        "contentHash": "9NvJXPVP+9TswuAu2pzBzgtW7+1Dr0I9U1TvjszhYQjbusgm2fhQ1ZUP/53VvStoq2afCjrDk/K0NqMcEBT/Cg=="
      },
      "Microsoft.Win32.Primitives": {
        "type": "Transitive",
        "resolved": "4.3.0",
        "contentHash": "9ZQKCWxH7Ijp9BfahvL2Zyf1cJIk8XYLF6Yjzr2yi0b2cOut/HQ31qf1ThHAgCc3WiZMdnWcfJCgN82/0UunxA=="
      },
      "NETStandard.Library": {
        "type": "Transitive",
        "resolved": "1.6.1",
        "contentHash": "WcSp3+vP+yHNgS8EV5J7pZ9IRpeDuARBPN28by8zqff1wJQXm26PVU8L3/fYLBJVU7BtDyqNVWq2KlCVvSSR4A==",
        "dependencies": {
          "Microsoft.NETCore.Platforms": "1.1.0",
          "Microsoft.Win32.Primitives": "4.3.0",
          "System.AppContext": "4.3.0",
          "System.Collections": "4.3.0",
          "System.Collections.Concurrent": "4.3.0",
          "System.Console": "4.3.0",
          "System.Diagnostics.Debug": "4.3.0",
          "System.Diagnostics.Tools": "4.3.0",
          "System.Diagnostics.Tracing": "4.3.0",
          "System.Globalization": "4.3.0",
          "System.Globalization.Calendars": "4.3.0",
          "System.IO": "4.3.0",
          "System.IO.Compression": "4.3.0",
          "System.IO.Compression.ZipFile": "4.3.0",
          "System.IO.FileSystem": "4.3.0",
          "System.IO.FileSystem.Primitives": "4.3.0",
          "System.Linq": "4.3.0",
          "System.Linq.Expressions": "4.3.0",
          "System.Net.Http": "4.3.0",
          "System.Net.Primitives": "4.3.0",
          "System.Net.Sockets": "4.3.0",
          "System.ObjectModel": "4.3.0",
          "System.Reflection": "4.3.0",
          "System.Reflection.Extensions": "4.3.0",
          "System.Reflection.Primitives": "4.3.0",
          "System.Resources.ResourceManager": "4.3.0",
          "System.Runtime": "4.3.0",
          "System.Runtime.Extensions": "4.3.0",
          "System.Runtime.Handles": "4.3.0",
          "System.Runtime.InteropServices": "4.3.0",
          "System.Runtime.InteropServices.RuntimeInformation": "4.3.0",
          "System.Runtime.Numerics": "4.3.0",
          "System.Security.Cryptography.Algorithms": "4.3.0",
          "System.Security.Cryptography.Encoding": "4.3.0",
          "System.Security.Cryptography.Primitives": "4.3.0",
          "System.Security.Cryptography.X509Certificates": "4.3.0",
          "System.Text.Encoding": "4.3.0",
          "System.Text.Encoding.Extensions": "4.3.0",
          "System.Text.RegularExpressions": "4.3.0",
          "System.Threading": "4.3.0",
          "System.Threading.Tasks": "4.3.0",
          "System.Threading.Timer": "4.3.0",
          "System.Xml.ReaderWriter": "4.3.0",
          "System.Xml.XDocument": "4.3.0"
        }
      },
      "NodaTime": {
        "type": "Transitive",
        "resolved": "2.4.7",
        "contentHash": "qXOjY8467lqeOLDOZa7TmHL4jvlMDz9xcQuMXgXW7fvVXJNMx1Z6DBVozK+FMzH4eHscccfpgJmv8ua9s8mtbA=="
      },
      "SQLitePCL.native.sqlite3.v110_xp": {
        "type": "Transitive",
        "resolved": "0.9.3",
        "contentHash": "c7mJTAOkuynskkO1uQ12S1km7DxVi5lvVuUCJsoqHT17aLIOkrqMVtzYDOXEbIUSUc2ObfEHQGvvi2pARMe93w=="
      },
      "SQLitePCL.plugin.sqlite3.net45": {
        "type": "Transitive",
        "resolved": "0.9.3",
        "contentHash": "UXaOib6pAg3GmYkMAEpgdzT3d09VfUzVb5BzjGal8OKeFefNXLTKFYxXCNcQx+VPrWRBh7t6n/OVNTJNXp1u4A=="
      },
      "System.AppContext": {
        "type": "Transitive",
        "resolved": "4.3.0",
        "contentHash": "fKC+rmaLfeIzUhagxY17Q9siv/sPrjjKcfNg1Ic8IlQkZLipo8ljcaZQu4VtI4Jqbzjc2VTjzGLF6WmsRXAEgA=="
      },
      "System.Buffers": {
        "type": "Transitive",
        "resolved": "4.4.0",
        "contentHash": "AwarXzzoDwX6BgrhjoJsk6tUezZEozOT5Y9QKF94Gl4JK91I4PIIBkBco9068Y9/Dra8Dkbie99kXB8+1BaYKw=="
      },
      "System.Collections": {
        "type": "Transitive",
        "resolved": "4.3.0",
        "contentHash": "3Dcj85/TBdVpL5Zr+gEEBUuFe2icOnLalmEh9hfck1PTYbbyWuZgh4fmm2ysCLTrqLQw6t3TgTyJ+VLp+Qb+Lw=="
      },
      "System.Collections.Concurrent": {
        "type": "Transitive",
        "resolved": "4.3.0",
        "contentHash": "ztl69Xp0Y/UXCL+3v3tEU+lIy+bvjKNUmopn1wep/a291pVPK7dxBd6T7WnlQqRog+d1a/hSsgRsmFnIBKTPLQ=="
      },
      "System.ComponentModel": {
        "type": "Transitive",
        "resolved": "4.3.0",
        "contentHash": "VyGn1jGRZVfxnh8EdvDCi71v3bMXrsu8aYJOwoV7SNDLVhiEqwP86pPMyRGsDsxhXAm2b3o9OIqeETfN5qfezw=="
      },
      "System.Composition": {
        "type": "Transitive",
        "resolved": "1.0.31",
        "contentHash": "I+D26qpYdoklyAVUdqwUBrEIckMNjAYnuPJy/h9dsQItpQwVREkDFs4b4tkBza0kT2Yk48Lcfsv2QQ9hWsh9Iw==",
        "dependencies": {
          "System.Composition.AttributedModel": "1.0.31",
          "System.Composition.Convention": "1.0.31",
          "System.Composition.Hosting": "1.0.31",
          "System.Composition.Runtime": "1.0.31",
          "System.Composition.TypedParts": "1.0.31"
        }
      },
      "System.Composition.AttributedModel": {
        "type": "Transitive",
        "resolved": "1.0.31",
        "contentHash": "NHWhkM3ZkspmA0XJEsKdtTt1ViDYuojgSND3yHhTzwxepiwqZf+BCWuvCbjUt4fe0NxxQhUDGJ5km6sLjo9qnQ=="
      },
      "System.Composition.Convention": {
        "type": "Transitive",
        "resolved": "1.0.31",
        "contentHash": "GLjh2Ju71k6C0qxMMtl4efHa68NmWeIUYh4fkUI8xbjQrEBvFmRwMDFcylT8/PR9SQbeeL48IkFxU/+gd0nYEQ==",
        "dependencies": {
          "System.Composition.AttributedModel": "1.0.31"
        }
      },
      "System.Composition.Hosting": {
        "type": "Transitive",
        "resolved": "1.0.31",
        "contentHash": "fN1bT4RX4vUqjbgoyuJFVUizAl2mYF5VAb+bVIxIYZSSc0BdnX+yGAxcavxJuDDCQ1K+/mdpgyEFc8e9ikjvrg==",
        "dependencies": {
          "System.Composition.Runtime": "1.0.31"
        }
      },
      "System.Composition.Runtime": {
        "type": "Transitive",
        "resolved": "1.0.31",
        "contentHash": "0LEJN+2NVM89CE4SekDrrk5tHV5LeATltkp+9WNYrR+Huiyt0vaCqHbbHtVAjPyeLWIc8dOz/3kthRBj32wGQg=="
      },
      "System.Composition.TypedParts": {
        "type": "Transitive",
        "resolved": "1.0.31",
        "contentHash": "0Zae/FtzeFgDBBuILeIbC/T9HMYbW4olAmi8XqqAGosSOWvXfiQLfARZEhiGd0LVXaYgXr0NhxiU1LldRP1fpQ==",
        "dependencies": {
          "System.Composition.AttributedModel": "1.0.31",
          "System.Composition.Hosting": "1.0.31",
          "System.Composition.Runtime": "1.0.31"
        }
      },
      "System.Console": {
        "type": "Transitive",
        "resolved": "4.3.0",
        "contentHash": "DHDrIxiqk1h03m6khKWV2X8p/uvN79rgSqpilL6uzpmSfxfU5ng8VcPtW4qsDsQDHiTv6IPV9TmD5M/vElPNLg=="
      },
      "System.Diagnostics.Debug": {
        "type": "Transitive",
        "resolved": "4.3.0",
        "contentHash": "ZUhUOdqmaG5Jk3Xdb8xi5kIyQYAA4PnTNlHx1mu9ZY3qv4ELIdKbnL/akbGaKi2RnNUWaZsAs31rvzFdewTj2g=="
      },
      "System.Diagnostics.DiagnosticSource": {
        "type": "Transitive",
        "resolved": "4.3.0",
        "contentHash": "tD6kosZnTAGdrEa0tZSuFyunMbt/5KYDnHdndJYGqZoNy00XVXyACd5d6KnE1YgYv3ne2CjtAfNXo/fwEhnKUA=="
      },
      "System.Diagnostics.FileVersionInfo": {
        "type": "Transitive",
        "resolved": "4.3.0",
        "contentHash": "omCF64wzQ3Q2CeIqkD6lmmxeMZtGHUmzgFMPjfVaOsyqpR66p/JaZzManMw1s33osoAb5gqpncsjie67+yUPHQ=="
      },
      "System.Diagnostics.StackTrace": {
        "type": "Transitive",
        "resolved": "4.3.0",
        "contentHash": "BiHg0vgtd35/DM9jvtaC1eKRpWZxr0gcQd643ABG7GnvSlf5pOkY2uyd42mMOJoOmKvnpNj0F4tuoS1pacTwYw=="
      },
      "System.Diagnostics.Tools": {
        "type": "Transitive",
        "resolved": "4.3.0",
        "contentHash": "UUvkJfSYJMM6x527dJg2VyWPSRqIVB0Z7dbjHst1zmwTXz5CcXSYJFWRpuigfbO1Lf7yfZiIaEUesfnl/g5EyA=="
      },
      "System.Diagnostics.Tracing": {
        "type": "Transitive",
        "resolved": "4.3.0",
        "contentHash": "rswfv0f/Cqkh78rA5S8eN8Neocz234+emGCtTF3lxPY96F+mmmUen6tbn0glN6PMvlKQb9bPAY5e9u7fgPTkKw=="
      },
      "System.Dynamic.Runtime": {
        "type": "Transitive",
        "resolved": "4.3.0",
        "contentHash": "SNVi1E/vfWUAs/WYKhE9+qlS6KqK0YVhnlT0HQtr8pMIA8YX3lwy3uPMownDwdYISBdmAF/2holEIldVp85Wag=="
      },
      "System.Globalization": {
        "type": "Transitive",
        "resolved": "4.3.0",
        "contentHash": "kYdVd2f2PAdFGblzFswE4hkNANJBKRmsfa2X5LG2AcWE1c7/4t0pYae1L8vfZ5xvE2nK/R9JprtToA61OSHWIg=="
      },
      "System.Globalization.Calendars": {
        "type": "Transitive",
        "resolved": "4.3.0",
        "contentHash": "GUlBtdOWT4LTV3I+9/PJW+56AnnChTaOqqTLFtdmype/L500M2LIyXgmtd9X2P2VOkmJd5c67H5SaC2QcL1bFA=="
      },
      "System.IO": {
        "type": "Transitive",
        "resolved": "4.3.0",
        "contentHash": "3qjaHvxQPDpSOYICjUoTsmoq5u6QJAFRUITgeT/4gqkF1bajbSmb1kwSxEA8AHlofqgcKJcM8udgieRNhaJ5Cg=="
      },
      "System.IO.Compression": {
        "type": "Transitive",
        "resolved": "4.3.0",
        "contentHash": "YHndyoiV90iu4iKG115ibkhrG+S3jBm8Ap9OwoUAzO5oPDAWcr0SFwQFm0HjM8WkEZWo0zvLTyLmbvTkW1bXgg=="
      },
      "System.IO.Compression.ZipFile": {
        "type": "Transitive",
        "resolved": "4.3.0",
        "contentHash": "G4HwjEsgIwy3JFBduZ9quBkAu+eUwjIdJleuNSgmUojbH6O3mlvEIme+GHx/cLlTAPcrnnL7GqvB9pTlWRfhOg=="
      },
      "System.IO.FileSystem": {
        "type": "Transitive",
        "resolved": "4.3.0",
        "contentHash": "3wEMARTnuio+ulnvi+hkRNROYwa1kylvYahhcLk4HSoVdl+xxTFVeVlYOfLwrDPImGls0mDqbMhrza8qnWPTdA==",
        "dependencies": {
          "System.IO.FileSystem.Primitives": "4.3.0"
        }
      },
      "System.IO.FileSystem.Primitives": {
        "type": "Transitive",
        "resolved": "4.3.0",
        "contentHash": "6QOb2XFLch7bEc4lIcJH49nJN2HV+OC3fHDgsLVsBVBk3Y4hFAnOBGzJ2lUu7CyDDFo9IBWkSsnbkT6IBwwiMw=="
      },
      "System.Linq": {
        "type": "Transitive",
        "resolved": "4.3.0",
        "contentHash": "5DbqIUpsDp0dFftytzuMmc0oeMdQwjcP/EWxsksIz/w1TcFRkZ3yKKz0PqiYFMmEwPSWw+qNVqD7PJ889JzHbw=="
      },
      "System.Linq.Expressions": {
        "type": "Transitive",
        "resolved": "4.3.0",
        "contentHash": "PGKkrd2khG4CnlyJwxwwaWWiSiWFNBGlgXvJpeO0xCXrZ89ODrQ6tjEWS/kOqZ8GwEOUATtKtzp1eRgmYNfclg=="
      },
      "System.Net.Http": {
        "type": "Transitive",
        "resolved": "4.3.0",
        "contentHash": "sYg+FtILtRQuYWSIAuNOELwVuVsxVyJGWQyOnlAzhV4xvhyFnON1bAzYYC+jjRW8JREM45R0R5Dgi8MTC5sEwA==",
        "dependencies": {
          "System.Diagnostics.DiagnosticSource": "4.3.0",
          "System.Security.Cryptography.X509Certificates": "4.3.0"
        }
      },
      "System.Net.Primitives": {
        "type": "Transitive",
        "resolved": "4.3.0",
        "contentHash": "qOu+hDwFwoZPbzPvwut2qATe3ygjeQBDQj91xlsaqGFQUI5i4ZnZb8yyQuLGpDGivEPIt8EJkd1BVzVoP31FXA=="
      },
      "System.Net.Sockets": {
        "type": "Transitive",
        "resolved": "4.3.0",
        "contentHash": "m6icV6TqQOAdgt5N/9I5KNpjom/5NFtkmGseEH+AK/hny8XrytLH3+b5M8zL/Ycg3fhIocFpUMyl/wpFnVRvdw=="
      },
      "System.Numerics.Vectors": {
        "type": "Transitive",
        "resolved": "4.4.0",
        "contentHash": "UiLzLW+Lw6HLed1Hcg+8jSRttrbuXv7DANVj0DkL9g6EnnzbL75EB7EWsw5uRbhxd/4YdG8li5XizGWepmG3PQ=="
      },
      "System.ObjectModel": {
        "type": "Transitive",
        "resolved": "4.3.0",
        "contentHash": "bdX+80eKv9bN6K4N+d77OankKHGn6CH711a6fcOpMQu2Fckp/Ft4L/kW9WznHpyR0NRAvJutzOMHNNlBGvxQzQ=="
      },
      "System.Reflection": {
        "type": "Transitive",
        "resolved": "4.3.0",
        "contentHash": "KMiAFoW7MfJGa9nDFNcfu+FpEdiHpWgTcS2HdMpDvt9saK3y/G4GwprPyzqjFH9NTaGPQeWNHU+iDlDILj96aQ=="
      },
      "System.Reflection.Extensions": {
        "type": "Transitive",
        "resolved": "4.3.0",
        "contentHash": "rJkrJD3kBI5B712aRu4DpSIiHRtr6QlfZSQsb0hYHrDCZORXCFjQfoipo2LaMUHoT9i1B7j7MnfaEKWDFmFQNQ=="
      },
      "System.Reflection.Primitives": {
        "type": "Transitive",
        "resolved": "4.3.0",
        "contentHash": "5RXItQz5As4xN2/YUDxdpsEkMhvw3e6aNveFXUn4Hl/udNTCNhnKp8lT9fnc3MhvGKh1baak5CovpuQUXHAlIA=="
      },
      "System.Resources.ResourceManager": {
        "type": "Transitive",
        "resolved": "4.3.0",
        "contentHash": "/zrcPkkWdZmI4F92gL/TPumP98AVDu/Wxr3CSJGQQ+XN6wbRZcyfSKVoPo17ilb3iOr0cCRqJInGwNMolqhS8A=="
      },
      "System.Runtime": {
        "type": "Transitive",
        "resolved": "4.3.0",
        "contentHash": "JufQi0vPQ0xGnAczR13AUFglDyVYt4Kqnz1AZaiKZ5+GICq0/1MH/mO/eAJHt/mHW1zjKBJd7kV26SrxddAhiw=="
      },
      "System.Runtime.CompilerServices.Unsafe": {
        "type": "Transitive",
        "resolved": "4.5.0",
        "contentHash": "YrzNWduCDHhUaSRBxHxL11UkM2fD6y8hITHis4/LbQZ6vj3vdRjoH3IoPWWC9uDXK2wHIqn+b5gv1Np/VKyM1g=="
      },
      "System.Runtime.Extensions": {
        "type": "Transitive",
        "resolved": "4.3.0",
        "contentHash": "guW0uK0fn5fcJJ1tJVXYd7/1h5F+pea1r7FLSOz/f8vPEqbR2ZAknuRDvTQ8PzAilDveOxNjSfr0CHfIQfFk8g=="
      },
      "System.Runtime.Handles": {
        "type": "Transitive",
        "resolved": "4.3.0",
        "contentHash": "OKiSUN7DmTWeYb3l51A7EYaeNMnvxwE249YtZz7yooT4gOZhmTjIn48KgSsw2k2lYdLgTKNJw/ZIfSElwDRVgg=="
      },
      "System.Runtime.InteropServices": {
        "type": "Transitive",
        "resolved": "4.3.0",
        "contentHash": "uv1ynXqiMK8mp1GM3jDqPCFN66eJ5w5XNomaK2XD+TuCroNTLFGeZ+WCmBMcBDyTFKou3P6cR6J/QsaqDp7fGQ=="
      },
      "System.Runtime.InteropServices.RuntimeInformation": {
        "type": "Transitive",
        "resolved": "4.3.0",
        "contentHash": "cbz4YJMqRDR7oLeMRbdYv7mYzc++17lNhScCX0goO2XpGWdvAt60CGN+FHdePUEHCe/Jy9jUlvNAiNdM+7jsOw=="
      },
      "System.Runtime.Numerics": {
        "type": "Transitive",
        "resolved": "4.3.0",
        "contentHash": "yMH+MfdzHjy17l2KESnPiF2dwq7T+xLnSJar7slyimAkUh/gTrS9/UQOtv7xarskJ2/XDSNvfLGOBQPjL7PaHQ=="
      },
      "System.Security.Cryptography.Algorithms": {
        "type": "Transitive",
        "resolved": "4.3.0",
        "contentHash": "W1kd2Y8mYSCgc3ULTAZ0hOP2dSdG5YauTb1089T0/kRcN2MpSAW1izOFROrJgxSlMn3ArsgHXagigyi+ibhevg==",
        "dependencies": {
          "System.Security.Cryptography.Primitives": "4.3.0"
        }
      },
      "System.Security.Cryptography.Encoding": {
        "type": "Transitive",
        "resolved": "4.3.0",
        "contentHash": "1DEWjZZly9ae9C79vFwqaO5kaOlI5q+3/55ohmq/7dpDyDfc8lYe7YVxJUZ5MF/NtbkRjwFRo14yM4OEo9EmDw=="
      },
      "System.Security.Cryptography.Primitives": {
        "type": "Transitive",
        "resolved": "4.3.0",
        "contentHash": "7bDIyVFNL/xKeFHjhobUAQqSpJq9YTOpbEs6mR233Et01STBMXNAc/V+BM6dwYGc95gVh/Zf+iVXWzj3mE8DWg=="
      },
      "System.Security.Cryptography.X509Certificates": {
        "type": "Transitive",
        "resolved": "4.3.0",
        "contentHash": "t2Tmu6Y2NtJ2um0RtcuhP7ZdNNxXEgUm2JeoA/0NvlMjAhKCnM1NX07TDl3244mVp3QU6LPEhT3HTtH1uF7IYw==",
        "dependencies": {
          "System.Security.Cryptography.Algorithms": "4.3.0",
          "System.Security.Cryptography.Encoding": "4.3.0"
        }
      },
      "System.Text.Encoding": {
        "type": "Transitive",
        "resolved": "4.3.0",
        "contentHash": "BiIg+KWaSDOITze6jGQynxg64naAPtqGHBwDrLaCtixsa5bKiR8dpPOHA7ge3C0JJQizJE+sfkz1wV+BAKAYZw=="
      },
      "System.Text.Encoding.CodePages": {
        "type": "Transitive",
        "resolved": "4.3.0",
        "contentHash": "IRiEFUa5b/Gs5Egg8oqBVoywhtOeaO2KOx3j0RfcYY/raxqBuEK7NXRDgOwtYM8qbi+7S4RPXUbNt+ZxyY0/NQ=="
      },
      "System.Text.Encoding.Extensions": {
        "type": "Transitive",
        "resolved": "4.3.0",
        "contentHash": "YVMK0Bt/A43RmwizJoZ22ei2nmrhobgeiYwFzC4YAN+nue8RF6djXDMog0UCn+brerQoYVyaS+ghy9P/MUVcmw=="
      },
      "System.Text.RegularExpressions": {
        "type": "Transitive",
        "resolved": "4.3.0",
        "contentHash": "RpT2DA+L660cBt1FssIE9CAGpLFdFPuheB7pLpKpn6ZXNby7jDERe8Ua/Ne2xGiwLVG2JOqziiaVCGDon5sKFA=="
      },
      "System.Threading": {
        "type": "Transitive",
        "resolved": "4.3.0",
        "contentHash": "VkUS0kOBcUf3Wwm0TSbrevDDZ6BlM+b/HRiapRFWjM5O0NS0LviG0glKmFK+hhPDd1XFeSdU1GmlLhb2CoVpIw=="
      },
      "System.Threading.Tasks": {
        "type": "Transitive",
        "resolved": "4.3.0",
        "contentHash": "LbSxKEdOUhVe8BezB/9uOGGppt+nZf6e1VFyw6v3DN6lqitm0OSn2uXMOdtP0M3W4iMcqcivm2J6UgqiwwnXiA=="
      },
      "System.Threading.Tasks.Parallel": {
        "type": "Transitive",
        "resolved": "4.3.0",
        "contentHash": "cbjBNZHf/vQCfcdhzx7knsiygoCKgxL8mZOeocXZn5gWhCdzHIq6bYNKWX0LAJCWYP7bds4yBK8p06YkP0oa0g=="
      },
      "System.Threading.Thread": {
        "type": "Transitive",
        "resolved": "4.3.0",
        "contentHash": "OHmbT+Zz065NKII/ZHcH9XO1dEuLGI1L2k7uYss+9C1jLxTC9kTZZuzUOyXHayRk+dft9CiDf3I/QZ0t8JKyBQ=="
      },
      "System.Threading.Timer": {
        "type": "Transitive",
        "resolved": "4.3.0",
        "contentHash": "Z6YfyYTCg7lOZjJzBjONJTFKGN9/NIYKSxhU5GRd+DTwHSZyvWp1xuI5aR+dLg+ayyC5Xv57KiY4oJ0tMO89fQ=="
      },
      "System.Xml.ReaderWriter": {
        "type": "Transitive",
        "resolved": "4.3.0",
        "contentHash": "GrprA+Z0RUXaR4N7/eW71j1rgMnEnEVlgii49GZyAjTH7uliMnrOU3HNFBr6fEDBCJCIdlVNq9hHbaDR621XBA=="
      },
      "System.Xml.XDocument": {
        "type": "Transitive",
        "resolved": "4.3.0",
        "contentHash": "5zJ0XDxAIg8iy+t4aMnQAu0MqVbqyvfoUVl1yDV61xdo3Vth45oA2FoY4pPkxYAH5f8ixpmTqXeEIya95x0aCQ=="
      },
      "System.Xml.XmlDocument": {
        "type": "Transitive",
        "resolved": "4.3.0",
        "contentHash": "lJ8AxvkX7GQxpC6GFCeBj8ThYVyQczx2+f/cWHJU8tjS7YfI6Cv6bon70jVEgs2CiFbmmM8b9j1oZVx0dSI2Ww=="
      },
      "System.Xml.XPath": {
        "type": "Transitive",
        "resolved": "4.3.0",
        "contentHash": "v1JQ5SETnQusqmS3RwStF7vwQ3L02imIzl++sewmt23VGygix04pEH+FCj1yWb+z4GDzKiljr1W7Wfvrx0YwgA=="
      },
      "System.Xml.XPath.XDocument": {
        "type": "Transitive",
        "resolved": "4.3.0",
        "contentHash": "jw9oHHEIVW53mHY9PgrQa98Xo2IZ0ZjrpdOTmtvk+Rvg4tq7dydmxdNqUvJ5YwjDqhn75mBXWttWjiKhWP53LQ==",
        "dependencies": {
          "System.Xml.XPath": "4.3.0"
        }
      },
      "uno.samplegenerators": {
        "type": "Project",
        "dependencies": {
          "NodaTime": "2.4.7",
          "Uno.SourceGeneration": "1.0.0"
        }
      },
      "uno.sourcegeneration": {
        "type": "Project",
        "dependencies": {
          "Microsoft.Build": "14.3.0",
          "Microsoft.Build.Utilities.Core": "14.3.0",
          "Microsoft.CodeAnalysis": "1.3.1",
          "Microsoft.CodeAnalysis.CSharp": "1.3.1",
          "Microsoft.CodeAnalysis.CSharp.Workspaces": "1.3.1",
          "Microsoft.CodeAnalysis.Common": "1.3.1",
          "Microsoft.CodeAnalysis.VisualBasic": "1.3.1",
          "Microsoft.CodeAnalysis.VisualBasic.Workspaces": "1.3.1",
          "Microsoft.CodeAnalysis.Workspaces.Common": "1.3.1",
          "System.ValueTuple": "4.3.0"
        }
      }
    },
    ".NETFramework,Version=v4.6.1/win": {
      "System.Diagnostics.FileVersionInfo": {
        "type": "Transitive",
        "resolved": "4.3.0",
        "contentHash": "omCF64wzQ3Q2CeIqkD6lmmxeMZtGHUmzgFMPjfVaOsyqpR66p/JaZzManMw1s33osoAb5gqpncsjie67+yUPHQ=="
      },
      "System.IO.Compression": {
        "type": "Transitive",
        "resolved": "4.3.0",
        "contentHash": "YHndyoiV90iu4iKG115ibkhrG+S3jBm8Ap9OwoUAzO5oPDAWcr0SFwQFm0HjM8WkEZWo0zvLTyLmbvTkW1bXgg=="
      },
      "System.Net.Http": {
        "type": "Transitive",
        "resolved": "4.3.0",
        "contentHash": "sYg+FtILtRQuYWSIAuNOELwVuVsxVyJGWQyOnlAzhV4xvhyFnON1bAzYYC+jjRW8JREM45R0R5Dgi8MTC5sEwA==",
        "dependencies": {
          "System.Diagnostics.DiagnosticSource": "4.3.0",
          "System.Security.Cryptography.X509Certificates": "4.3.0"
        }
      },
      "System.Runtime.InteropServices.RuntimeInformation": {
        "type": "Transitive",
        "resolved": "4.3.0",
        "contentHash": "cbz4YJMqRDR7oLeMRbdYv7mYzc++17lNhScCX0goO2XpGWdvAt60CGN+FHdePUEHCe/Jy9jUlvNAiNdM+7jsOw=="
      },
      "System.Security.Cryptography.Algorithms": {
        "type": "Transitive",
        "resolved": "4.3.0",
        "contentHash": "W1kd2Y8mYSCgc3ULTAZ0hOP2dSdG5YauTb1089T0/kRcN2MpSAW1izOFROrJgxSlMn3ArsgHXagigyi+ibhevg==",
        "dependencies": {
          "System.Security.Cryptography.Primitives": "4.3.0"
        }
      },
      "System.Security.Cryptography.Encoding": {
        "type": "Transitive",
        "resolved": "4.3.0",
        "contentHash": "1DEWjZZly9ae9C79vFwqaO5kaOlI5q+3/55ohmq/7dpDyDfc8lYe7YVxJUZ5MF/NtbkRjwFRo14yM4OEo9EmDw=="
      },
      "System.Security.Cryptography.X509Certificates": {
        "type": "Transitive",
        "resolved": "4.3.0",
        "contentHash": "t2Tmu6Y2NtJ2um0RtcuhP7ZdNNxXEgUm2JeoA/0NvlMjAhKCnM1NX07TDl3244mVp3QU6LPEhT3HTtH1uF7IYw==",
        "dependencies": {
          "System.Security.Cryptography.Algorithms": "4.3.0",
          "System.Security.Cryptography.Encoding": "4.3.0"
        }
      },
      "System.Text.Encoding.CodePages": {
        "type": "Transitive",
        "resolved": "4.3.0",
        "contentHash": "IRiEFUa5b/Gs5Egg8oqBVoywhtOeaO2KOx3j0RfcYY/raxqBuEK7NXRDgOwtYM8qbi+7S4RPXUbNt+ZxyY0/NQ=="
      }
    },
    ".NETFramework,Version=v4.6.1/win-x64": {
      "System.Diagnostics.FileVersionInfo": {
        "type": "Transitive",
        "resolved": "4.3.0",
        "contentHash": "omCF64wzQ3Q2CeIqkD6lmmxeMZtGHUmzgFMPjfVaOsyqpR66p/JaZzManMw1s33osoAb5gqpncsjie67+yUPHQ=="
      },
      "System.IO.Compression": {
        "type": "Transitive",
        "resolved": "4.3.0",
        "contentHash": "YHndyoiV90iu4iKG115ibkhrG+S3jBm8Ap9OwoUAzO5oPDAWcr0SFwQFm0HjM8WkEZWo0zvLTyLmbvTkW1bXgg=="
      },
      "System.Net.Http": {
        "type": "Transitive",
        "resolved": "4.3.0",
        "contentHash": "sYg+FtILtRQuYWSIAuNOELwVuVsxVyJGWQyOnlAzhV4xvhyFnON1bAzYYC+jjRW8JREM45R0R5Dgi8MTC5sEwA==",
        "dependencies": {
          "System.Diagnostics.DiagnosticSource": "4.3.0",
          "System.Security.Cryptography.X509Certificates": "4.3.0"
        }
      },
      "System.Runtime.InteropServices.RuntimeInformation": {
        "type": "Transitive",
        "resolved": "4.3.0",
        "contentHash": "cbz4YJMqRDR7oLeMRbdYv7mYzc++17lNhScCX0goO2XpGWdvAt60CGN+FHdePUEHCe/Jy9jUlvNAiNdM+7jsOw=="
      },
      "System.Security.Cryptography.Algorithms": {
        "type": "Transitive",
        "resolved": "4.3.0",
        "contentHash": "W1kd2Y8mYSCgc3ULTAZ0hOP2dSdG5YauTb1089T0/kRcN2MpSAW1izOFROrJgxSlMn3ArsgHXagigyi+ibhevg==",
        "dependencies": {
          "System.Security.Cryptography.Primitives": "4.3.0"
        }
      },
      "System.Security.Cryptography.Encoding": {
        "type": "Transitive",
        "resolved": "4.3.0",
        "contentHash": "1DEWjZZly9ae9C79vFwqaO5kaOlI5q+3/55ohmq/7dpDyDfc8lYe7YVxJUZ5MF/NtbkRjwFRo14yM4OEo9EmDw=="
      },
      "System.Security.Cryptography.X509Certificates": {
        "type": "Transitive",
        "resolved": "4.3.0",
        "contentHash": "t2Tmu6Y2NtJ2um0RtcuhP7ZdNNxXEgUm2JeoA/0NvlMjAhKCnM1NX07TDl3244mVp3QU6LPEhT3HTtH1uF7IYw==",
        "dependencies": {
          "System.Security.Cryptography.Algorithms": "4.3.0",
          "System.Security.Cryptography.Encoding": "4.3.0"
        }
      },
      "System.Text.Encoding.CodePages": {
        "type": "Transitive",
        "resolved": "4.3.0",
        "contentHash": "IRiEFUa5b/Gs5Egg8oqBVoywhtOeaO2KOx3j0RfcYY/raxqBuEK7NXRDgOwtYM8qbi+7S4RPXUbNt+ZxyY0/NQ=="
      }
    },
    ".NETFramework,Version=v4.6.1/win-x86": {
      "System.Diagnostics.FileVersionInfo": {
        "type": "Transitive",
        "resolved": "4.3.0",
        "contentHash": "omCF64wzQ3Q2CeIqkD6lmmxeMZtGHUmzgFMPjfVaOsyqpR66p/JaZzManMw1s33osoAb5gqpncsjie67+yUPHQ=="
      },
      "System.IO.Compression": {
        "type": "Transitive",
        "resolved": "4.3.0",
        "contentHash": "YHndyoiV90iu4iKG115ibkhrG+S3jBm8Ap9OwoUAzO5oPDAWcr0SFwQFm0HjM8WkEZWo0zvLTyLmbvTkW1bXgg=="
      },
      "System.Net.Http": {
        "type": "Transitive",
        "resolved": "4.3.0",
        "contentHash": "sYg+FtILtRQuYWSIAuNOELwVuVsxVyJGWQyOnlAzhV4xvhyFnON1bAzYYC+jjRW8JREM45R0R5Dgi8MTC5sEwA==",
        "dependencies": {
          "System.Diagnostics.DiagnosticSource": "4.3.0",
          "System.Security.Cryptography.X509Certificates": "4.3.0"
        }
      },
      "System.Runtime.InteropServices.RuntimeInformation": {
        "type": "Transitive",
        "resolved": "4.3.0",
        "contentHash": "cbz4YJMqRDR7oLeMRbdYv7mYzc++17lNhScCX0goO2XpGWdvAt60CGN+FHdePUEHCe/Jy9jUlvNAiNdM+7jsOw=="
      },
      "System.Security.Cryptography.Algorithms": {
        "type": "Transitive",
        "resolved": "4.3.0",
        "contentHash": "W1kd2Y8mYSCgc3ULTAZ0hOP2dSdG5YauTb1089T0/kRcN2MpSAW1izOFROrJgxSlMn3ArsgHXagigyi+ibhevg==",
        "dependencies": {
          "System.Security.Cryptography.Primitives": "4.3.0"
        }
      },
      "System.Security.Cryptography.Encoding": {
        "type": "Transitive",
        "resolved": "4.3.0",
        "contentHash": "1DEWjZZly9ae9C79vFwqaO5kaOlI5q+3/55ohmq/7dpDyDfc8lYe7YVxJUZ5MF/NtbkRjwFRo14yM4OEo9EmDw=="
      },
      "System.Security.Cryptography.X509Certificates": {
        "type": "Transitive",
        "resolved": "4.3.0",
        "contentHash": "t2Tmu6Y2NtJ2um0RtcuhP7ZdNNxXEgUm2JeoA/0NvlMjAhKCnM1NX07TDl3244mVp3QU6LPEhT3HTtH1uF7IYw==",
        "dependencies": {
          "System.Security.Cryptography.Algorithms": "4.3.0",
          "System.Security.Cryptography.Encoding": "4.3.0"
        }
      },
      "System.Text.Encoding.CodePages": {
        "type": "Transitive",
        "resolved": "4.3.0",
        "contentHash": "IRiEFUa5b/Gs5Egg8oqBVoywhtOeaO2KOx3j0RfcYY/raxqBuEK7NXRDgOwtYM8qbi+7S4RPXUbNt+ZxyY0/NQ=="
      }
    }
  }
}