
Microsoft Visual Studio Solution File, Format Version 12.00
# Visual Studio Version 16
VisualStudioVersion = 16.0.28315.86
MinimumVisualStudioVersion = 10.0.40219.1
Project("{9A19103F-16F7-4668-BE54-9A1E7A4F7556}") = "Uno.SampleProject", "Uno.SampleProject\Uno.SampleProject.csproj", "{0D439289-B6AC-454C-AB10-FA54F08B22EC}"
EndProject
Project("{FAE04EC0-301F-11D3-BF4B-00C04F79EFBC}") = "Uno.SampleGenerators", "Uno.SampleGenerators\Uno.SampleGenerators.csproj", "{D45247E2-A279-472C-8D8B-CBCB83F37FB1}"
EndProject
Project("{FAE04EC0-301F-11D3-BF4B-00C04F79EFBC}") = "Uno.SampleProject.UWP", "Uno.SampleProject.UWP\Uno.SampleProject.UWP.csproj", "{0A1A822E-729E-4C2D-9C32-871A22B65B87}"
	ProjectSection(ProjectDependencies) = postProject
		{D45247E2-A279-472C-8D8B-CBCB83F37FB1} = {D45247E2-A279-472C-8D8B-CBCB83F37FB1}
	EndProjectSection
EndProject
Project("{6EC3EE1D-3C4E-46DD-8F32-0CC8E7565705}") = "Uno.FSSampleProject", "Uno.FSSampleProject\Uno.FSSampleProject.fsproj", "{6012BF2A-31B0-48AB-8564-F49F9C57FD32}"
EndProject
Project("{9A19103F-16F7-4668-BE54-9A1E7A4F7556}") = "Uno.SampleDependency", "Uno.SampleDependency\Uno.SampleDependency.csproj", "{D02FBC83-F9DD-4710-AEBF-0BA2F8AE85B2}"
EndProject
Project("{2150E333-8FDC-42A3-9474-1A3956D46DE8}") = "Samples", "Samples", "{67EB84F7-DAA3-4657-B6D0-D7FA9FD23C45}"
EndProject
Global
	GlobalSection(SolutionConfigurationPlatforms) = preSolution
		Debug|Any CPU = Debug|Any CPU
		Debug|ARM = Debug|ARM
		Debug|x64 = Debug|x64
		Debug|x86 = Debug|x86
		Release|Any CPU = Release|Any CPU
		Release|ARM = Release|ARM
		Release|x64 = Release|x64
		Release|x86 = Release|x86
	EndGlobalSection
	GlobalSection(ProjectConfigurationPlatforms) = postSolution
		{0D439289-B6AC-454C-AB10-FA54F08B22EC}.Debug|Any CPU.ActiveCfg = Debug|Any CPU
		{0D439289-B6AC-454C-AB10-FA54F08B22EC}.Debug|Any CPU.Build.0 = Debug|Any CPU
		{0D439289-B6AC-454C-AB10-FA54F08B22EC}.Debug|ARM.ActiveCfg = Debug|Any CPU
		{0D439289-B6AC-454C-AB10-FA54F08B22EC}.Debug|ARM.Build.0 = Debug|Any CPU
		{0D439289-B6AC-454C-AB10-FA54F08B22EC}.Debug|x64.ActiveCfg = Debug|Any CPU
		{0D439289-B6AC-454C-AB10-FA54F08B22EC}.Debug|x64.Build.0 = Debug|Any CPU
		{0D439289-B6AC-454C-AB10-FA54F08B22EC}.Debug|x86.ActiveCfg = Debug|Any CPU
		{0D439289-B6AC-454C-AB10-FA54F08B22EC}.Debug|x86.Build.0 = Debug|Any CPU
		{0D439289-B6AC-454C-AB10-FA54F08B22EC}.Release|Any CPU.ActiveCfg = Release|Any CPU
		{0D439289-B6AC-454C-AB10-FA54F08B22EC}.Release|Any CPU.Build.0 = Release|Any CPU
		{0D439289-B6AC-454C-AB10-FA54F08B22EC}.Release|ARM.ActiveCfg = Release|Any CPU
		{0D439289-B6AC-454C-AB10-FA54F08B22EC}.Release|ARM.Build.0 = Release|Any CPU
		{0D439289-B6AC-454C-AB10-FA54F08B22EC}.Release|x64.ActiveCfg = Release|Any CPU
		{0D439289-B6AC-454C-AB10-FA54F08B22EC}.Release|x64.Build.0 = Release|Any CPU
		{0D439289-B6AC-454C-AB10-FA54F08B22EC}.Release|x86.ActiveCfg = Release|Any CPU
		{0D439289-B6AC-454C-AB10-FA54F08B22EC}.Release|x86.Build.0 = Release|Any CPU
		{D45247E2-A279-472C-8D8B-CBCB83F37FB1}.Debug|Any CPU.ActiveCfg = Debug|Any CPU
		{D45247E2-A279-472C-8D8B-CBCB83F37FB1}.Debug|Any CPU.Build.0 = Debug|Any CPU
		{D45247E2-A279-472C-8D8B-CBCB83F37FB1}.Debug|ARM.ActiveCfg = Debug|Any CPU
		{D45247E2-A279-472C-8D8B-CBCB83F37FB1}.Debug|ARM.Build.0 = Debug|Any CPU
		{D45247E2-A279-472C-8D8B-CBCB83F37FB1}.Debug|x64.ActiveCfg = Debug|Any CPU
		{D45247E2-A279-472C-8D8B-CBCB83F37FB1}.Debug|x64.Build.0 = Debug|Any CPU
		{D45247E2-A279-472C-8D8B-CBCB83F37FB1}.Debug|x86.ActiveCfg = Debug|Any CPU
		{D45247E2-A279-472C-8D8B-CBCB83F37FB1}.Debug|x86.Build.0 = Debug|Any CPU
		{D45247E2-A279-472C-8D8B-CBCB83F37FB1}.Release|Any CPU.ActiveCfg = Release|Any CPU
		{D45247E2-A279-472C-8D8B-CBCB83F37FB1}.Release|Any CPU.Build.0 = Release|Any CPU
		{D45247E2-A279-472C-8D8B-CBCB83F37FB1}.Release|ARM.ActiveCfg = Release|Any CPU
		{D45247E2-A279-472C-8D8B-CBCB83F37FB1}.Release|ARM.Build.0 = Release|Any CPU
		{D45247E2-A279-472C-8D8B-CBCB83F37FB1}.Release|x64.ActiveCfg = Release|Any CPU
		{D45247E2-A279-472C-8D8B-CBCB83F37FB1}.Release|x64.Build.0 = Release|Any CPU
		{D45247E2-A279-472C-8D8B-CBCB83F37FB1}.Release|x86.ActiveCfg = Release|Any CPU
		{D45247E2-A279-472C-8D8B-CBCB83F37FB1}.Release|x86.Build.0 = Release|Any CPU
		{0A1A822E-729E-4C2D-9C32-871A22B65B87}.Debug|Any CPU.ActiveCfg = Debug|Any CPU
		{0A1A822E-729E-4C2D-9C32-871A22B65B87}.Debug|Any CPU.Build.0 = Debug|Any CPU
		{0A1A822E-729E-4C2D-9C32-871A22B65B87}.Debug|ARM.ActiveCfg = Debug|ARM
		{0A1A822E-729E-4C2D-9C32-871A22B65B87}.Debug|ARM.Build.0 = Debug|ARM
		{0A1A822E-729E-4C2D-9C32-871A22B65B87}.Debug|x64.ActiveCfg = Debug|x64
		{0A1A822E-729E-4C2D-9C32-871A22B65B87}.Debug|x64.Build.0 = Debug|x64
		{0A1A822E-729E-4C2D-9C32-871A22B65B87}.Debug|x86.ActiveCfg = Debug|x86
		{0A1A822E-729E-4C2D-9C32-871A22B65B87}.Debug|x86.Build.0 = Debug|x86
		{0A1A822E-729E-4C2D-9C32-871A22B65B87}.Release|Any CPU.ActiveCfg = Release|Any CPU
		{0A1A822E-729E-4C2D-9C32-871A22B65B87}.Release|Any CPU.Build.0 = Release|Any CPU
		{0A1A822E-729E-4C2D-9C32-871A22B65B87}.Release|ARM.ActiveCfg = Release|ARM
		{0A1A822E-729E-4C2D-9C32-871A22B65B87}.Release|ARM.Build.0 = Release|ARM
		{0A1A822E-729E-4C2D-9C32-871A22B65B87}.Release|x64.ActiveCfg = Release|x64
		{0A1A822E-729E-4C2D-9C32-871A22B65B87}.Release|x64.Build.0 = Release|x64
		{0A1A822E-729E-4C2D-9C32-871A22B65B87}.Release|x86.ActiveCfg = Release|x86
		{0A1A822E-729E-4C2D-9C32-871A22B65B87}.Release|x86.Build.0 = Release|x86
		{6012BF2A-31B0-48AB-8564-F49F9C57FD32}.Debug|Any CPU.ActiveCfg = Debug|Any CPU
		{6012BF2A-31B0-48AB-8564-F49F9C57FD32}.Debug|Any CPU.Build.0 = Debug|Any CPU
		{6012BF2A-31B0-48AB-8564-F49F9C57FD32}.Debug|ARM.ActiveCfg = Debug|Any CPU
		{6012BF2A-31B0-48AB-8564-F49F9C57FD32}.Debug|ARM.Build.0 = Debug|Any CPU
		{6012BF2A-31B0-48AB-8564-F49F9C57FD32}.Debug|x64.ActiveCfg = Debug|Any CPU
		{6012BF2A-31B0-48AB-8564-F49F9C57FD32}.Debug|x64.Build.0 = Debug|Any CPU
		{6012BF2A-31B0-48AB-8564-F49F9C57FD32}.Debug|x86.ActiveCfg = Debug|Any CPU
		{6012BF2A-31B0-48AB-8564-F49F9C57FD32}.Debug|x86.Build.0 = Debug|Any CPU
		{6012BF2A-31B0-48AB-8564-F49F9C57FD32}.Release|Any CPU.ActiveCfg = Release|Any CPU
		{6012BF2A-31B0-48AB-8564-F49F9C57FD32}.Release|Any CPU.Build.0 = Release|Any CPU
		{6012BF2A-31B0-48AB-8564-F49F9C57FD32}.Release|ARM.ActiveCfg = Release|Any CPU
		{6012BF2A-31B0-48AB-8564-F49F9C57FD32}.Release|ARM.Build.0 = Release|Any CPU
		{6012BF2A-31B0-48AB-8564-F49F9C57FD32}.Release|x64.ActiveCfg = Release|Any CPU
		{6012BF2A-31B0-48AB-8564-F49F9C57FD32}.Release|x64.Build.0 = Release|Any CPU
		{6012BF2A-31B0-48AB-8564-F49F9C57FD32}.Release|x86.ActiveCfg = Release|Any CPU
		{6012BF2A-31B0-48AB-8564-F49F9C57FD32}.Release|x86.Build.0 = Release|Any CPU
		{D02FBC83-F9DD-4710-AEBF-0BA2F8AE85B2}.Debug|Any CPU.ActiveCfg = Debug|Any CPU
		{D02FBC83-F9DD-4710-AEBF-0BA2F8AE85B2}.Debug|Any CPU.Build.0 = Debug|Any CPU
		{D02FBC83-F9DD-4710-AEBF-0BA2F8AE85B2}.Debug|ARM.ActiveCfg = Debug|Any CPU
		{D02FBC83-F9DD-4710-AEBF-0BA2F8AE85B2}.Debug|ARM.Build.0 = Debug|Any CPU
		{D02FBC83-F9DD-4710-AEBF-0BA2F8AE85B2}.Debug|x64.ActiveCfg = Debug|Any CPU
		{D02FBC83-F9DD-4710-AEBF-0BA2F8AE85B2}.Debug|x64.Build.0 = Debug|Any CPU
		{D02FBC83-F9DD-4710-AEBF-0BA2F8AE85B2}.Debug|x86.ActiveCfg = Debug|Any CPU
		{D02FBC83-F9DD-4710-AEBF-0BA2F8AE85B2}.Debug|x86.Build.0 = Debug|Any CPU
		{D02FBC83-F9DD-4710-AEBF-0BA2F8AE85B2}.Release|Any CPU.ActiveCfg = Release|Any CPU
		{D02FBC83-F9DD-4710-AEBF-0BA2F8AE85B2}.Release|Any CPU.Build.0 = Release|Any CPU
		{D02FBC83-F9DD-4710-AEBF-0BA2F8AE85B2}.Release|ARM.ActiveCfg = Release|Any CPU
		{D02FBC83-F9DD-4710-AEBF-0BA2F8AE85B2}.Release|ARM.Build.0 = Release|Any CPU
		{D02FBC83-F9DD-4710-AEBF-0BA2F8AE85B2}.Release|x64.ActiveCfg = Release|Any CPU
		{D02FBC83-F9DD-4710-AEBF-0BA2F8AE85B2}.Release|x64.Build.0 = Release|Any CPU
		{D02FBC83-F9DD-4710-AEBF-0BA2F8AE85B2}.Release|x86.ActiveCfg = Release|Any CPU
		{D02FBC83-F9DD-4710-AEBF-0BA2F8AE85B2}.Release|x86.Build.0 = Release|Any CPU
	EndGlobalSection
	GlobalSection(SolutionProperties) = preSolution
		HideSolutionNode = FALSE
	EndGlobalSection
	GlobalSection(NestedProjects) = preSolution
		{0D439289-B6AC-454C-AB10-FA54F08B22EC} = {67EB84F7-DAA3-4657-B6D0-D7FA9FD23C45}
		{D45247E2-A279-472C-8D8B-CBCB83F37FB1} = {67EB84F7-DAA3-4657-B6D0-D7FA9FD23C45}
		{0A1A822E-729E-4C2D-9C32-871A22B65B87} = {67EB84F7-DAA3-4657-B6D0-D7FA9FD23C45}
		{6012BF2A-31B0-48AB-8564-F49F9C57FD32} = {67EB84F7-DAA3-4657-B6D0-D7FA9FD23C45}
		{D02FBC83-F9DD-4710-AEBF-0BA2F8AE85B2} = {67EB84F7-DAA3-4657-B6D0-D7FA9FD23C45}
	EndGlobalSection
	GlobalSection(ExtensibilityGlobals) = postSolution
		SolutionGuid = {77C35D15-0462-4BB9-A731-D88AC37A3937}
	EndGlobalSection
EndGlobal
