
Microsoft Visual Studio Solution File, Format Version 12.00
# Visual Studio Version 16
VisualStudioVersion = 16.0.28315.86
MinimumVisualStudioVersion = 10.0.40219.1
Project("{FAE04EC0-301F-11D3-BF4B-00C04F79EFBC}") = "Uno.SampleProject", "Uno.SampleProject\Uno.SampleProject.csproj", "{0D439289-B6AC-454C-AB10-FA54F08B22EC}"
	ProjectSection(ProjectDependencies) = postProject
		{0A1CC471-6080-415F-8947-E41D8534395E} = {0A1CC471-6080-415F-8947-E41D8534395E}
		{D45247E2-A279-472C-8D8B-CBCB83F37FB1} = {D45247E2-A279-472C-8D8B-CBCB83F37FB1}
	EndProjectSection
EndProject
Project("{9A19103F-16F7-4668-BE54-9A1E7A4F7556}") = "Uno.SourceGeneration", "Uno.SourceGeneration\Uno.SourceGeneration.csproj", "{B59FA47D-B3D2-4309-AE28-F5150AB02D46}"
EndProject
Project("{FAE04EC0-301F-11D3-BF4B-00C04F79EFBC}") = "Uno.SampleGenerators", "Uno.SampleGenerators\Uno.SampleGenerators.csproj", "{D45247E2-A279-472C-8D8B-CBCB83F37FB1}"
EndProject
Project("{FAE04EC0-301F-11D3-BF4B-00C04F79EFBC}") = "Uno.SourceGeneratorTasks.Dev15.0", "Uno.SourceGeneratorTasks.Dev15.0\Uno.SourceGeneratorTasks.Dev15.0.csproj", "{0A1CC471-6080-415F-8947-E41D8534395E}"
	ProjectSection(ProjectDependencies) = postProject
		{1D32B614-7FE4-4235-A4AF-E33EA9829863} = {1D32B614-7FE4-4235-A4AF-E33EA9829863}
	EndProjectSection
EndProject
Project("{FAE04EC0-301F-11D3-BF4B-00C04F79EFBC}") = "Uno.SampleProject.UWP", "Uno.SampleProject.UWP\Uno.SampleProject.UWP.csproj", "{0A1A822E-729E-4C2D-9C32-871A22B65B87}"
	ProjectSection(ProjectDependencies) = postProject
		{0A1CC471-6080-415F-8947-E41D8534395E} = {0A1CC471-6080-415F-8947-E41D8534395E}
		{B59FA47D-B3D2-4309-AE28-F5150AB02D46} = {B59FA47D-B3D2-4309-AE28-F5150AB02D46}
		{D45247E2-A279-472C-8D8B-CBCB83F37FB1} = {D45247E2-A279-472C-8D8B-CBCB83F37FB1}
	EndProjectSection
EndProject
Project("{2150E333-8FDC-42A3-9474-1A3956D46DE8}") = "Doc", "Doc", "{DEB6C3E9-CC58-4925-B635-083634263ABC}"
	ProjectSection(SolutionItems) = preProject
		..\readme.md = ..\readme.md
		..\doc\using sourcegenerators.md = ..\doc\using sourcegenerators.md
	EndProjectSection
EndProject
Project("{2150E333-8FDC-42A3-9474-1A3956D46DE8}") = "Build", "Build", "{5850FEDD-ED74-483A-B82E-B7EBB2776317}"
	ProjectSection(SolutionItems) = preProject
		..\.appveyor.yml = ..\.appveyor.yml
		..\build\build.cake = ..\build\build.cake
		..\build\build.ps1 = ..\build\build.ps1
		..\build\header.txt = ..\build\header.txt
		..\build\nuget.config = ..\build\nuget.config
		..\build\Uno.SourceGeneration.nuspec = ..\build\Uno.SourceGeneration.nuspec
		..\build\Uno.SourceGenerationTasks.nuspec = ..\build\Uno.SourceGenerationTasks.nuspec
	EndProjectSection
EndProject
Project("{9A19103F-16F7-4668-BE54-9A1E7A4F7556}") = "Uno.SourceGeneration.Host", "Uno.SourceGeneration.Host\Uno.SourceGeneration.Host.csproj", "{1D32B614-7FE4-4235-A4AF-E33EA9829863}"
EndProject
Project("{9A19103F-16F7-4668-BE54-9A1E7A4F7556}") = "Uno.SampleCoreApp", "Uno.SampleCoreApp\Uno.SampleCoreApp.csproj", "{613832ED-7BF4-43BC-B8D3-2ACC4370237F}"
EndProject
Project("{6EC3EE1D-3C4E-46DD-8F32-0CC8E7565705}") = "Uno.FSSampleProject", "Uno.FSSampleProject\Uno.FSSampleProject.fsproj", "{6012BF2A-31B0-48AB-8564-F49F9C57FD32}"
EndProject
Project("{9A19103F-16F7-4668-BE54-9A1E7A4F7556}") = "Uno.SampleDependency", "Uno.SampleDependency\Uno.SampleDependency.csproj", "{D02FBC83-F9DD-4710-AEBF-0BA2F8AE85B2}"
EndProject
Project("{D954291E-2A0B-460D-934E-DC6B0785DB48}") = "Uno.SourceGeneration.Host.Shared", "Uno.SourceGeneration.Protocol\Uno.SourceGeneration.Host.Shared.shproj", "{76548C37-4928-45E7-8DB1-63A85A7F65D6}"
EndProject
Project("{2150E333-8FDC-42A3-9474-1A3956D46DE8}") = "Samples", "Samples", "{67EB84F7-DAA3-4657-B6D0-D7FA9FD23C45}"
EndProject
Global
	GlobalSection(SharedMSBuildProjectFiles) = preSolution
		Uno.SourceGeneration.Protocol\Uno.SourceGeneration.Protocol.projitems*{0a1cc471-6080-415f-8947-e41d8534395e}*SharedItemsImports = 4
		Uno.SourceGeneration.Protocol\Uno.SourceGeneration.Protocol.projitems*{76548c37-4928-45e7-8db1-63a85a7f65d6}*SharedItemsImports = 13
	EndGlobalSection
	GlobalSection(SolutionConfigurationPlatforms) = preSolution
		Debug|Any CPU = Debug|Any CPU
		Debug|ARM = Debug|ARM
		Debug|x64 = Debug|x64
		Debug|x86 = Debug|x86
		Release|Any CPU = Release|Any CPU
		Release|ARM = Release|ARM
		Release|x64 = Release|x64
		Release|x86 = Release|x86
	EndGlobalSection
	GlobalSection(ProjectConfigurationPlatforms) = postSolution
		{0D439289-B6AC-454C-AB10-FA54F08B22EC}.Debug|Any CPU.ActiveCfg = Debug|Any CPU
		{0D439289-B6AC-454C-AB10-FA54F08B22EC}.Debug|Any CPU.Build.0 = Debug|Any CPU
		{0D439289-B6AC-454C-AB10-FA54F08B22EC}.Debug|ARM.ActiveCfg = Debug|Any CPU
		{0D439289-B6AC-454C-AB10-FA54F08B22EC}.Debug|ARM.Build.0 = Debug|Any CPU
		{0D439289-B6AC-454C-AB10-FA54F08B22EC}.Debug|x64.ActiveCfg = Debug|Any CPU
		{0D439289-B6AC-454C-AB10-FA54F08B22EC}.Debug|x64.Build.0 = Debug|Any CPU
		{0D439289-B6AC-454C-AB10-FA54F08B22EC}.Debug|x86.ActiveCfg = Debug|Any CPU
		{0D439289-B6AC-454C-AB10-FA54F08B22EC}.Debug|x86.Build.0 = Debug|Any CPU
		{0D439289-B6AC-454C-AB10-FA54F08B22EC}.Release|Any CPU.ActiveCfg = Release|Any CPU
		{0D439289-B6AC-454C-AB10-FA54F08B22EC}.Release|Any CPU.Build.0 = Release|Any CPU
		{0D439289-B6AC-454C-AB10-FA54F08B22EC}.Release|ARM.ActiveCfg = Release|Any CPU
		{0D439289-B6AC-454C-AB10-FA54F08B22EC}.Release|ARM.Build.0 = Release|Any CPU
		{0D439289-B6AC-454C-AB10-FA54F08B22EC}.Release|x64.ActiveCfg = Release|Any CPU
		{0D439289-B6AC-454C-AB10-FA54F08B22EC}.Release|x64.Build.0 = Release|Any CPU
		{0D439289-B6AC-454C-AB10-FA54F08B22EC}.Release|x86.ActiveCfg = Release|Any CPU
		{0D439289-B6AC-454C-AB10-FA54F08B22EC}.Release|x86.Build.0 = Release|Any CPU
		{B59FA47D-B3D2-4309-AE28-F5150AB02D46}.Debug|Any CPU.ActiveCfg = Debug|Any CPU
		{B59FA47D-B3D2-4309-AE28-F5150AB02D46}.Debug|Any CPU.Build.0 = Debug|Any CPU
		{B59FA47D-B3D2-4309-AE28-F5150AB02D46}.Debug|ARM.ActiveCfg = Debug|Any CPU
		{B59FA47D-B3D2-4309-AE28-F5150AB02D46}.Debug|ARM.Build.0 = Debug|Any CPU
		{B59FA47D-B3D2-4309-AE28-F5150AB02D46}.Debug|x64.ActiveCfg = Debug|Any CPU
		{B59FA47D-B3D2-4309-AE28-F5150AB02D46}.Debug|x64.Build.0 = Debug|Any CPU
		{B59FA47D-B3D2-4309-AE28-F5150AB02D46}.Debug|x86.ActiveCfg = Debug|Any CPU
		{B59FA47D-B3D2-4309-AE28-F5150AB02D46}.Debug|x86.Build.0 = Debug|Any CPU
		{B59FA47D-B3D2-4309-AE28-F5150AB02D46}.Release|Any CPU.ActiveCfg = Release|Any CPU
		{B59FA47D-B3D2-4309-AE28-F5150AB02D46}.Release|Any CPU.Build.0 = Release|Any CPU
		{B59FA47D-B3D2-4309-AE28-F5150AB02D46}.Release|ARM.ActiveCfg = Release|Any CPU
		{B59FA47D-B3D2-4309-AE28-F5150AB02D46}.Release|ARM.Build.0 = Release|Any CPU
		{B59FA47D-B3D2-4309-AE28-F5150AB02D46}.Release|x64.ActiveCfg = Release|Any CPU
		{B59FA47D-B3D2-4309-AE28-F5150AB02D46}.Release|x64.Build.0 = Release|Any CPU
		{B59FA47D-B3D2-4309-AE28-F5150AB02D46}.Release|x86.ActiveCfg = Release|Any CPU
		{B59FA47D-B3D2-4309-AE28-F5150AB02D46}.Release|x86.Build.0 = Release|Any CPU
		{D45247E2-A279-472C-8D8B-CBCB83F37FB1}.Debug|Any CPU.ActiveCfg = Debug|Any CPU
		{D45247E2-A279-472C-8D8B-CBCB83F37FB1}.Debug|Any CPU.Build.0 = Debug|Any CPU
		{D45247E2-A279-472C-8D8B-CBCB83F37FB1}.Debug|ARM.ActiveCfg = Debug|Any CPU
		{D45247E2-A279-472C-8D8B-CBCB83F37FB1}.Debug|ARM.Build.0 = Debug|Any CPU
		{D45247E2-A279-472C-8D8B-CBCB83F37FB1}.Debug|x64.ActiveCfg = Debug|Any CPU
		{D45247E2-A279-472C-8D8B-CBCB83F37FB1}.Debug|x64.Build.0 = Debug|Any CPU
		{D45247E2-A279-472C-8D8B-CBCB83F37FB1}.Debug|x86.ActiveCfg = Debug|Any CPU
		{D45247E2-A279-472C-8D8B-CBCB83F37FB1}.Debug|x86.Build.0 = Debug|Any CPU
		{D45247E2-A279-472C-8D8B-CBCB83F37FB1}.Release|Any CPU.ActiveCfg = Release|Any CPU
		{D45247E2-A279-472C-8D8B-CBCB83F37FB1}.Release|Any CPU.Build.0 = Release|Any CPU
		{D45247E2-A279-472C-8D8B-CBCB83F37FB1}.Release|ARM.ActiveCfg = Release|Any CPU
		{D45247E2-A279-472C-8D8B-CBCB83F37FB1}.Release|ARM.Build.0 = Release|Any CPU
		{D45247E2-A279-472C-8D8B-CBCB83F37FB1}.Release|x64.ActiveCfg = Release|Any CPU
		{D45247E2-A279-472C-8D8B-CBCB83F37FB1}.Release|x64.Build.0 = Release|Any CPU
		{D45247E2-A279-472C-8D8B-CBCB83F37FB1}.Release|x86.ActiveCfg = Release|Any CPU
		{D45247E2-A279-472C-8D8B-CBCB83F37FB1}.Release|x86.Build.0 = Release|Any CPU
		{0A1CC471-6080-415F-8947-E41D8534395E}.Debug|Any CPU.ActiveCfg = Debug|Any CPU
		{0A1CC471-6080-415F-8947-E41D8534395E}.Debug|Any CPU.Build.0 = Debug|Any CPU
		{0A1CC471-6080-415F-8947-E41D8534395E}.Debug|ARM.ActiveCfg = Debug|Any CPU
		{0A1CC471-6080-415F-8947-E41D8534395E}.Debug|ARM.Build.0 = Debug|Any CPU
		{0A1CC471-6080-415F-8947-E41D8534395E}.Debug|x64.ActiveCfg = Debug|Any CPU
		{0A1CC471-6080-415F-8947-E41D8534395E}.Debug|x64.Build.0 = Debug|Any CPU
		{0A1CC471-6080-415F-8947-E41D8534395E}.Debug|x86.ActiveCfg = Debug|Any CPU
		{0A1CC471-6080-415F-8947-E41D8534395E}.Debug|x86.Build.0 = Debug|Any CPU
		{0A1CC471-6080-415F-8947-E41D8534395E}.Release|Any CPU.ActiveCfg = Release|Any CPU
		{0A1CC471-6080-415F-8947-E41D8534395E}.Release|Any CPU.Build.0 = Release|Any CPU
		{0A1CC471-6080-415F-8947-E41D8534395E}.Release|ARM.ActiveCfg = Release|Any CPU
		{0A1CC471-6080-415F-8947-E41D8534395E}.Release|ARM.Build.0 = Release|Any CPU
		{0A1CC471-6080-415F-8947-E41D8534395E}.Release|x64.ActiveCfg = Release|Any CPU
		{0A1CC471-6080-415F-8947-E41D8534395E}.Release|x64.Build.0 = Release|Any CPU
		{0A1CC471-6080-415F-8947-E41D8534395E}.Release|x86.ActiveCfg = Release|Any CPU
		{0A1CC471-6080-415F-8947-E41D8534395E}.Release|x86.Build.0 = Release|Any CPU
		{0A1A822E-729E-4C2D-9C32-871A22B65B87}.Debug|Any CPU.ActiveCfg = Debug|Any CPU
		{0A1A822E-729E-4C2D-9C32-871A22B65B87}.Debug|Any CPU.Build.0 = Debug|Any CPU
		{0A1A822E-729E-4C2D-9C32-871A22B65B87}.Debug|ARM.ActiveCfg = Debug|ARM
		{0A1A822E-729E-4C2D-9C32-871A22B65B87}.Debug|ARM.Build.0 = Debug|ARM
		{0A1A822E-729E-4C2D-9C32-871A22B65B87}.Debug|x64.ActiveCfg = Debug|x64
		{0A1A822E-729E-4C2D-9C32-871A22B65B87}.Debug|x64.Build.0 = Debug|x64
		{0A1A822E-729E-4C2D-9C32-871A22B65B87}.Debug|x86.ActiveCfg = Debug|x86
		{0A1A822E-729E-4C2D-9C32-871A22B65B87}.Debug|x86.Build.0 = Debug|x86
		{0A1A822E-729E-4C2D-9C32-871A22B65B87}.Release|Any CPU.ActiveCfg = Release|Any CPU
		{0A1A822E-729E-4C2D-9C32-871A22B65B87}.Release|Any CPU.Build.0 = Release|Any CPU
		{0A1A822E-729E-4C2D-9C32-871A22B65B87}.Release|ARM.ActiveCfg = Release|ARM
		{0A1A822E-729E-4C2D-9C32-871A22B65B87}.Release|ARM.Build.0 = Release|ARM
		{0A1A822E-729E-4C2D-9C32-871A22B65B87}.Release|x64.ActiveCfg = Release|x64
		{0A1A822E-729E-4C2D-9C32-871A22B65B87}.Release|x64.Build.0 = Release|x64
		{0A1A822E-729E-4C2D-9C32-871A22B65B87}.Release|x86.ActiveCfg = Release|x86
		{0A1A822E-729E-4C2D-9C32-871A22B65B87}.Release|x86.Build.0 = Release|x86
		{1D32B614-7FE4-4235-A4AF-E33EA9829863}.Debug|Any CPU.ActiveCfg = Debug|Any CPU
		{1D32B614-7FE4-4235-A4AF-E33EA9829863}.Debug|Any CPU.Build.0 = Debug|Any CPU
		{1D32B614-7FE4-4235-A4AF-E33EA9829863}.Debug|ARM.ActiveCfg = Debug|Any CPU
		{1D32B614-7FE4-4235-A4AF-E33EA9829863}.Debug|ARM.Build.0 = Debug|Any CPU
		{1D32B614-7FE4-4235-A4AF-E33EA9829863}.Debug|x64.ActiveCfg = Debug|Any CPU
		{1D32B614-7FE4-4235-A4AF-E33EA9829863}.Debug|x64.Build.0 = Debug|Any CPU
		{1D32B614-7FE4-4235-A4AF-E33EA9829863}.Debug|x86.ActiveCfg = Debug|Any CPU
		{1D32B614-7FE4-4235-A4AF-E33EA9829863}.Debug|x86.Build.0 = Debug|Any CPU
		{1D32B614-7FE4-4235-A4AF-E33EA9829863}.Release|Any CPU.ActiveCfg = Release|Any CPU
		{1D32B614-7FE4-4235-A4AF-E33EA9829863}.Release|Any CPU.Build.0 = Release|Any CPU
		{1D32B614-7FE4-4235-A4AF-E33EA9829863}.Release|ARM.ActiveCfg = Release|Any CPU
		{1D32B614-7FE4-4235-A4AF-E33EA9829863}.Release|ARM.Build.0 = Release|Any CPU
		{1D32B614-7FE4-4235-A4AF-E33EA9829863}.Release|x64.ActiveCfg = Release|Any CPU
		{1D32B614-7FE4-4235-A4AF-E33EA9829863}.Release|x64.Build.0 = Release|Any CPU
		{1D32B614-7FE4-4235-A4AF-E33EA9829863}.Release|x86.ActiveCfg = Release|Any CPU
		{1D32B614-7FE4-4235-A4AF-E33EA9829863}.Release|x86.Build.0 = Release|Any CPU
		{613832ED-7BF4-43BC-B8D3-2ACC4370237F}.Debug|Any CPU.ActiveCfg = Debug|Any CPU
		{613832ED-7BF4-43BC-B8D3-2ACC4370237F}.Debug|Any CPU.Build.0 = Debug|Any CPU
		{613832ED-7BF4-43BC-B8D3-2ACC4370237F}.Debug|ARM.ActiveCfg = Debug|Any CPU
		{613832ED-7BF4-43BC-B8D3-2ACC4370237F}.Debug|ARM.Build.0 = Debug|Any CPU
		{613832ED-7BF4-43BC-B8D3-2ACC4370237F}.Debug|x64.ActiveCfg = Debug|Any CPU
		{613832ED-7BF4-43BC-B8D3-2ACC4370237F}.Debug|x64.Build.0 = Debug|Any CPU
		{613832ED-7BF4-43BC-B8D3-2ACC4370237F}.Debug|x86.ActiveCfg = Debug|Any CPU
		{613832ED-7BF4-43BC-B8D3-2ACC4370237F}.Debug|x86.Build.0 = Debug|Any CPU
		{613832ED-7BF4-43BC-B8D3-2ACC4370237F}.Release|Any CPU.ActiveCfg = Release|Any CPU
		{613832ED-7BF4-43BC-B8D3-2ACC4370237F}.Release|Any CPU.Build.0 = Release|Any CPU
		{613832ED-7BF4-43BC-B8D3-2ACC4370237F}.Release|ARM.ActiveCfg = Release|Any CPU
		{613832ED-7BF4-43BC-B8D3-2ACC4370237F}.Release|ARM.Build.0 = Release|Any CPU
		{613832ED-7BF4-43BC-B8D3-2ACC4370237F}.Release|x64.ActiveCfg = Release|Any CPU
		{613832ED-7BF4-43BC-B8D3-2ACC4370237F}.Release|x64.Build.0 = Release|Any CPU
		{613832ED-7BF4-43BC-B8D3-2ACC4370237F}.Release|x86.ActiveCfg = Release|Any CPU
		{613832ED-7BF4-43BC-B8D3-2ACC4370237F}.Release|x86.Build.0 = Release|Any CPU
		{6012BF2A-31B0-48AB-8564-F49F9C57FD32}.Debug|Any CPU.ActiveCfg = Debug|Any CPU
		{6012BF2A-31B0-48AB-8564-F49F9C57FD32}.Debug|Any CPU.Build.0 = Debug|Any CPU
		{6012BF2A-31B0-48AB-8564-F49F9C57FD32}.Debug|ARM.ActiveCfg = Debug|Any CPU
		{6012BF2A-31B0-48AB-8564-F49F9C57FD32}.Debug|ARM.Build.0 = Debug|Any CPU
		{6012BF2A-31B0-48AB-8564-F49F9C57FD32}.Debug|x64.ActiveCfg = Debug|Any CPU
		{6012BF2A-31B0-48AB-8564-F49F9C57FD32}.Debug|x64.Build.0 = Debug|Any CPU
		{6012BF2A-31B0-48AB-8564-F49F9C57FD32}.Debug|x86.ActiveCfg = Debug|Any CPU
		{6012BF2A-31B0-48AB-8564-F49F9C57FD32}.Debug|x86.Build.0 = Debug|Any CPU
		{6012BF2A-31B0-48AB-8564-F49F9C57FD32}.Release|Any CPU.ActiveCfg = Release|Any CPU
		{6012BF2A-31B0-48AB-8564-F49F9C57FD32}.Release|Any CPU.Build.0 = Release|Any CPU
		{6012BF2A-31B0-48AB-8564-F49F9C57FD32}.Release|ARM.ActiveCfg = Release|Any CPU
		{6012BF2A-31B0-48AB-8564-F49F9C57FD32}.Release|ARM.Build.0 = Release|Any CPU
		{6012BF2A-31B0-48AB-8564-F49F9C57FD32}.Release|x64.ActiveCfg = Release|Any CPU
		{6012BF2A-31B0-48AB-8564-F49F9C57FD32}.Release|x64.Build.0 = Release|Any CPU
		{6012BF2A-31B0-48AB-8564-F49F9C57FD32}.Release|x86.ActiveCfg = Release|Any CPU
		{6012BF2A-31B0-48AB-8564-F49F9C57FD32}.Release|x86.Build.0 = Release|Any CPU
		{D02FBC83-F9DD-4710-AEBF-0BA2F8AE85B2}.Debug|Any CPU.ActiveCfg = Debug|Any CPU
		{D02FBC83-F9DD-4710-AEBF-0BA2F8AE85B2}.Debug|Any CPU.Build.0 = Debug|Any CPU
		{D02FBC83-F9DD-4710-AEBF-0BA2F8AE85B2}.Debug|ARM.ActiveCfg = Debug|Any CPU
		{D02FBC83-F9DD-4710-AEBF-0BA2F8AE85B2}.Debug|ARM.Build.0 = Debug|Any CPU
		{D02FBC83-F9DD-4710-AEBF-0BA2F8AE85B2}.Debug|x64.ActiveCfg = Debug|Any CPU
		{D02FBC83-F9DD-4710-AEBF-0BA2F8AE85B2}.Debug|x64.Build.0 = Debug|Any CPU
		{D02FBC83-F9DD-4710-AEBF-0BA2F8AE85B2}.Debug|x86.ActiveCfg = Debug|Any CPU
		{D02FBC83-F9DD-4710-AEBF-0BA2F8AE85B2}.Debug|x86.Build.0 = Debug|Any CPU
		{D02FBC83-F9DD-4710-AEBF-0BA2F8AE85B2}.Release|Any CPU.ActiveCfg = Release|Any CPU
		{D02FBC83-F9DD-4710-AEBF-0BA2F8AE85B2}.Release|Any CPU.Build.0 = Release|Any CPU
		{D02FBC83-F9DD-4710-AEBF-0BA2F8AE85B2}.Release|ARM.ActiveCfg = Release|Any CPU
		{D02FBC83-F9DD-4710-AEBF-0BA2F8AE85B2}.Release|ARM.Build.0 = Release|Any CPU
		{D02FBC83-F9DD-4710-AEBF-0BA2F8AE85B2}.Release|x64.ActiveCfg = Release|Any CPU
		{D02FBC83-F9DD-4710-AEBF-0BA2F8AE85B2}.Release|x64.Build.0 = Release|Any CPU
		{D02FBC83-F9DD-4710-AEBF-0BA2F8AE85B2}.Release|x86.ActiveCfg = Release|Any CPU
		{D02FBC83-F9DD-4710-AEBF-0BA2F8AE85B2}.Release|x86.Build.0 = Release|Any CPU
	EndGlobalSection
	GlobalSection(SolutionProperties) = preSolution
		HideSolutionNode = FALSE
	EndGlobalSection
	GlobalSection(NestedProjects) = preSolution
		{0D439289-B6AC-454C-AB10-FA54F08B22EC} = {67EB84F7-DAA3-4657-B6D0-D7FA9FD23C45}
		{D45247E2-A279-472C-8D8B-CBCB83F37FB1} = {67EB84F7-DAA3-4657-B6D0-D7FA9FD23C45}
		{0A1A822E-729E-4C2D-9C32-871A22B65B87} = {67EB84F7-DAA3-4657-B6D0-D7FA9FD23C45}
		{613832ED-7BF4-43BC-B8D3-2ACC4370237F} = {67EB84F7-DAA3-4657-B6D0-D7FA9FD23C45}
		{6012BF2A-31B0-48AB-8564-F49F9C57FD32} = {67EB84F7-DAA3-4657-B6D0-D7FA9FD23C45}
		{D02FBC83-F9DD-4710-AEBF-0BA2F8AE85B2} = {67EB84F7-DAA3-4657-B6D0-D7FA9FD23C45}
	EndGlobalSection
	GlobalSection(ExtensibilityGlobals) = postSolution
		SolutionGuid = {77C35D15-0462-4BB9-A731-D88AC37A3937}
	EndGlobalSection
EndGlobal
